
Microsoft Visual Studio Solution File, Format Version 12.00
# Visual Studio Version 17
VisualStudioVersion = 17.8.34330.188
MinimumVisualStudioVersion = 10.0.40219.1
Project("{FAE04EC0-301F-11D3-BF4B-00C04F79EFBC}") = "primarywebapp", "primarywebapp\primarywebapp.csproj", "{440744F5-670C-4DA5-9C4A-E33F2F957D31}"
EndProject
Global
	GlobalSection(SolutionConfigurationPlatforms) = preSolution
		Debug|Any CPU = Debug|Any CPU
		Release|Any CPU = Release|Any CPU
	EndGlobalSection
	GlobalSection(ProjectConfigurationPlatforms) = postSolution
		{440744F5-670C-4DA5-9C4A-E33F2F957D31}.Debug|Any CPU.ActiveCfg = Debug|Any CPU
		{440744F5-670C-4DA5-9C4A-E33F2F957D31}.Debug|Any CPU.Build.0 = Debug|Any CPU
		{440744F5-670C-4DA5-9C4A-E33F2F957D31}.Release|Any CPU.ActiveCfg = Release|Any CPU
		{440744F5-670C-4DA5-9C4A-E33F2F957D31}.Release|Any CPU.Build.0 = Release|Any CPU
	EndGlobalSection
	GlobalSection(SolutionProperties) = preSolution
		HideSolutionNode = FALSE
	EndGlobalSection
	GlobalSection(ExtensibilityGlobals) = postSolution
		SolutionGuid = {7E0AFB6C-176E-445D-B9D9-47A960465781}
	EndGlobalSection
EndGlobal
